// !$*UTF8*$!
{
	archiveVersion = 1;
	classes = {
	};
	objectVersion = 56;
	objects = {

/* Begin PBXBuildFile section */
		171EDD772BBBBFDD008A2F23 /* BubblePopGameApp.swift in Sources */ = {isa = PBXBuildFile; fileRef = 171EDD762BBBBFDD008A2F23 /* BubblePopGameApp.swift */; };
		171EDD792BBBBFDD008A2F23 /* ContentView.swift in Sources */ = {isa = PBXBuildFile; fileRef = 171EDD782BBBBFDD008A2F23 /* ContentView.swift */; };
		171EDD7B2BBBBFE0008A2F23 /* Assets.xcassets in Resources */ = {isa = PBXBuildFile; fileRef = 171EDD7A2BBBBFE0008A2F23 /* Assets.xcassets */; };
		171EDD7E2BBBBFE0008A2F23 /* Preview Assets.xcassets in Resources */ = {isa = PBXBuildFile; fileRef = 171EDD7D2BBBBFE0008A2F23 /* Preview Assets.xcassets */; };
		171EDD852BBBC3F6008A2F23 /* SettingsView.swift in Sources */ = {isa = PBXBuildFile; fileRef = 171EDD842BBBC3F6008A2F23 /* SettingsView.swift */; };
		171EDD872BBBC426008A2F23 /* HighScoreView.swift in Sources */ = {isa = PBXBuildFile; fileRef = 171EDD862BBBC426008A2F23 /* HighScoreView.swift */; };
		171EDD8B2BBBC8A6008A2F23 /* HighScoreViewModel.swift in Sources */ = {isa = PBXBuildFile; fileRef = 171EDD8A2BBBC8A6008A2F23 /* HighScoreViewModel.swift */; };
		171EDD8D2BBBCB2E008A2F23 /* StartGameView.swift in Sources */ = {isa = PBXBuildFile; fileRef = 171EDD8C2BBBCB2E008A2F23 /* StartGameView.swift */; };
		171EDDB12BC52489008A2F23 /* StartGameViewModel.swift in Sources */ = {isa = PBXBuildFile; fileRef = 171EDDB02BC52489008A2F23 /* StartGameViewModel.swift */; };
		171EDDCF2BC9546F008A2F23 /* ColorWeightValueModel.swift in Sources */ = {isa = PBXBuildFile; fileRef = 171EDDCE2BC9546F008A2F23 /* ColorWeightValueModel.swift */; };
		171EDDD12BC954AA008A2F23 /* BubbleModel.swift in Sources */ = {isa = PBXBuildFile; fileRef = 171EDDD02BC954AA008A2F23 /* BubbleModel.swift */; };
		171EDDD32BCA8B96008A2F23 /* HighScoreList.swift in Sources */ = {isa = PBXBuildFile; fileRef = 171EDDD22BCA8B96008A2F23 /* HighScoreList.swift */; };
/* End PBXBuildFile section */

/* Begin PBXFileReference section */
		171EDD732BBBBFDD008A2F23 /* BubblePopGame.app */ = {isa = PBXFileReference; explicitFileType = wrapper.application; includeInIndex = 0; path = BubblePopGame.app; sourceTree = BUILT_PRODUCTS_DIR; };
		171EDD762BBBBFDD008A2F23 /* BubblePopGameApp.swift */ = {isa = PBXFileReference; lastKnownFileType = sourcecode.swift; path = BubblePopGameApp.swift; sourceTree = "<group>"; };
		171EDD782BBBBFDD008A2F23 /* ContentView.swift */ = {isa = PBXFileReference; lastKnownFileType = sourcecode.swift; path = ContentView.swift; sourceTree = "<group>"; };
		171EDD7A2BBBBFE0008A2F23 /* Assets.xcassets */ = {isa = PBXFileReference; lastKnownFileType = folder.assetcatalog; path = Assets.xcassets; sourceTree = "<group>"; };
		171EDD7D2BBBBFE0008A2F23 /* Preview Assets.xcassets */ = {isa = PBXFileReference; lastKnownFileType = folder.assetcatalog; path = "Preview Assets.xcassets"; sourceTree = "<group>"; };
		171EDD842BBBC3F6008A2F23 /* SettingsView.swift */ = {isa = PBXFileReference; lastKnownFileType = sourcecode.swift; path = SettingsView.swift; sourceTree = "<group>"; };
		171EDD862BBBC426008A2F23 /* HighScoreView.swift */ = {isa = PBXFileReference; lastKnownFileType = sourcecode.swift; path = HighScoreView.swift; sourceTree = "<group>"; };
		171EDD8A2BBBC8A6008A2F23 /* HighScoreViewModel.swift */ = {isa = PBXFileReference; lastKnownFileType = sourcecode.swift; path = HighScoreViewModel.swift; sourceTree = "<group>"; };
		171EDD8C2BBBCB2E008A2F23 /* StartGameView.swift */ = {isa = PBXFileReference; lastKnownFileType = sourcecode.swift; path = StartGameView.swift; sourceTree = "<group>"; };
		171EDDB02BC52489008A2F23 /* StartGameViewModel.swift */ = {isa = PBXFileReference; lastKnownFileType = sourcecode.swift; path = StartGameViewModel.swift; sourceTree = "<group>"; };
		171EDDCE2BC9546F008A2F23 /* ColorWeightValueModel.swift */ = {isa = PBXFileReference; lastKnownFileType = sourcecode.swift; path = ColorWeightValueModel.swift; sourceTree = "<group>"; };
		171EDDD02BC954AA008A2F23 /* BubbleModel.swift */ = {isa = PBXFileReference; lastKnownFileType = sourcecode.swift; path = BubbleModel.swift; sourceTree = "<group>"; };
		171EDDD22BCA8B96008A2F23 /* HighScoreList.swift */ = {isa = PBXFileReference; lastKnownFileType = sourcecode.swift; path = HighScoreList.swift; sourceTree = "<group>"; };
/* End PBXFileReference section */

/* Begin PBXFrameworksBuildPhase section */
		171EDD702BBBBFDD008A2F23 /* Frameworks */ = {
			isa = PBXFrameworksBuildPhase;
			buildActionMask = 2147483647;
			files = (
			);
			runOnlyForDeploymentPostprocessing = 0;
		};
/* End PBXFrameworksBuildPhase section */

/* Begin PBXGroup section */
		171EDD6A2BBBBFDD008A2F23 = {
			isa = PBXGroup;
			children = (
				171EDD752BBBBFDD008A2F23 /* BubblePopGame */,
				171EDD742BBBBFDD008A2F23 /* Products */,
			);
			sourceTree = "<group>";
		};
		171EDD742BBBBFDD008A2F23 /* Products */ = {
			isa = PBXGroup;
			children = (
				171EDD732BBBBFDD008A2F23 /* BubblePopGame.app */,
			);
			name = Products;
			sourceTree = "<group>";
		};
		171EDD752BBBBFDD008A2F23 /* BubblePopGame */ = {
			isa = PBXGroup;
			children = (
				171EDD762BBBBFDD008A2F23 /* BubblePopGameApp.swift */,
				171EDD782BBBBFDD008A2F23 /* ContentView.swift */,
				171EDD862BBBC426008A2F23 /* HighScoreView.swift */,
				171EDD8C2BBBCB2E008A2F23 /* StartGameView.swift */,
				171EDD8A2BBBC8A6008A2F23 /* HighScoreViewModel.swift */,
				171EDDD22BCA8B96008A2F23 /* HighScoreList.swift */,
				171EDDD02BC954AA008A2F23 /* BubbleModel.swift */,
				171EDDB02BC52489008A2F23 /* StartGameViewModel.swift */,
				171EDD842BBBC3F6008A2F23 /* SettingsView.swift */,
				171EDDCE2BC9546F008A2F23 /* ColorWeightValueModel.swift */,
				171EDD7A2BBBBFE0008A2F23 /* Assets.xcassets */,
				171EDD7C2BBBBFE0008A2F23 /* Preview Content */,
			);
			path = BubblePopGame;
			sourceTree = "<group>";
		};
		171EDD7C2BBBBFE0008A2F23 /* Preview Content */ = {
			isa = PBXGroup;
			children = (
				171EDD7D2BBBBFE0008A2F23 /* Preview Assets.xcassets */,
			);
			path = "Preview Content";
			sourceTree = "<group>";
		};
/* End PBXGroup section */

/* Begin PBXNativeTarget section */
		171EDD722BBBBFDD008A2F23 /* BubblePopGame */ = {
			isa = PBXNativeTarget;
			buildConfigurationList = 171EDD812BBBBFE0008A2F23 /* Build configuration list for PBXNativeTarget "BubblePopGame" */;
			buildPhases = (
				171EDD6F2BBBBFDD008A2F23 /* Sources */,
				171EDD702BBBBFDD008A2F23 /* Frameworks */,
				171EDD712BBBBFDD008A2F23 /* Resources */,
			);
			buildRules = (
			);
			dependencies = (
			);
			name = BubblePopGame;
			productName = BubblePopGame;
			productReference = 171EDD732BBBBFDD008A2F23 /* BubblePopGame.app */;
			productType = "com.apple.product-type.application";
		};
/* End PBXNativeTarget section */

/* Begin PBXProject section */
		171EDD6B2BBBBFDD008A2F23 /* Project object */ = {
			isa = PBXProject;
			attributes = {
				BuildIndependentTargetsInParallel = 1;
				LastSwiftUpdateCheck = 1530;
				LastUpgradeCheck = 1530;
				TargetAttributes = {
					171EDD722BBBBFDD008A2F23 = {
						CreatedOnToolsVersion = 15.3;
					};
				};
			};
			buildConfigurationList = 171EDD6E2BBBBFDD008A2F23 /* Build configuration list for PBXProject "BubblePopGame" */;
			compatibilityVersion = "Xcode 14.0";
			developmentRegion = en;
			hasScannedForEncodings = 0;
			knownRegions = (
				en,
				Base,
			);
			mainGroup = 171EDD6A2BBBBFDD008A2F23;
			productRefGroup = 171EDD742BBBBFDD008A2F23 /* Products */;
			projectDirPath = "";
			projectRoot = "";
			targets = (
				171EDD722BBBBFDD008A2F23 /* BubblePopGame */,
			);
		};
/* End PBXProject section */

/* Begin PBXResourcesBuildPhase section */
		171EDD712BBBBFDD008A2F23 /* Resources */ = {
			isa = PBXResourcesBuildPhase;
			buildActionMask = 2147483647;
			files = (
				171EDD7E2BBBBFE0008A2F23 /* Preview Assets.xcassets in Resources */,
				171EDD7B2BBBBFE0008A2F23 /* Assets.xcassets in Resources */,
			);
			runOnlyForDeploymentPostprocessing = 0;
		};
/* End PBXResourcesBuildPhase section */

/* Begin PBXSourcesBuildPhase section */
		171EDD6F2BBBBFDD008A2F23 /* Sources */ = {
			isa = PBXSourcesBuildPhase;
			buildActionMask = 2147483647;
			files = (
				171EDD8B2BBBC8A6008A2F23 /* HighScoreViewModel.swift in Sources */,
				171EDD8D2BBBCB2E008A2F23 /* StartGameView.swift in Sources */,
				171EDDCF2BC9546F008A2F23 /* ColorWeightValueModel.swift in Sources */,
				171EDD852BBBC3F6008A2F23 /* SettingsView.swift in Sources */,
				171EDDD32BCA8B96008A2F23 /* HighScoreList.swift in Sources */,
				171EDD872BBBC426008A2F23 /* HighScoreView.swift in Sources */,
				171EDD792BBBBFDD008A2F23 /* ContentView.swift in Sources */,
				171EDDD12BC954AA008A2F23 /* BubbleModel.swift in Sources */,
				171EDD772BBBBFDD008A2F23 /* BubblePopGameApp.swift in Sources */,
				171EDDB12BC52489008A2F23 /* StartGameViewModel.swift in Sources */,
			);
			runOnlyForDeploymentPostprocessing = 0;
		};
/* End PBXSourcesBuildPhase section */

/* Begin XCBuildConfiguration section */
		171EDD7F2BBBBFE0008A2F23 /* Debug */ = {
			isa = XCBuildConfiguration;
			buildSettings = {
				ALWAYS_SEARCH_USER_PATHS = NO;
				ASSETCATALOG_COMPILER_GENERATE_SWIFT_ASSET_SYMBOL_EXTENSIONS = YES;
				CLANG_ANALYZER_NONNULL = YES;
				CLANG_ANALYZER_NUMBER_OBJECT_CONVERSION = YES_AGGRESSIVE;
				CLANG_CXX_LANGUAGE_STANDARD = "gnu++20";
				CLANG_ENABLE_MODULES = YES;
				CLANG_ENABLE_OBJC_ARC = YES;
				CLANG_ENABLE_OBJC_WEAK = YES;
				CLANG_WARN_BLOCK_CAPTURE_AUTORELEASING = YES;
				CLANG_WARN_BOOL_CONVERSION = YES;
				CLANG_WARN_COMMA = YES;
				CLANG_WARN_CONSTANT_CONVERSION = YES;
				CLANG_WARN_DEPRECATED_OBJC_IMPLEMENTATIONS = YES;
				CLANG_WARN_DIRECT_OBJC_ISA_USAGE = YES_ERROR;
				CLANG_WARN_DOCUMENTATION_COMMENTS = YES;
				CLANG_WARN_EMPTY_BODY = YES;
				CLANG_WARN_ENUM_CONVERSION = YES;
				CLANG_WARN_INFINITE_RECURSION = YES;
				CLANG_WARN_INT_CONVERSION = YES;
				CLANG_WARN_NON_LITERAL_NULL_CONVERSION = YES;
				CLANG_WARN_OBJC_IMPLICIT_RETAIN_SELF = YES;
				CLANG_WARN_OBJC_LITERAL_CONVERSION = YES;
				CLANG_WARN_OBJC_ROOT_CLASS = YES_ERROR;
				CLANG_WARN_QUOTED_INCLUDE_IN_FRAMEWORK_HEADER = YES;
				CLANG_WARN_RANGE_LOOP_ANALYSIS = YES;
				CLANG_WARN_STRICT_PROTOTYPES = YES;
				CLANG_WARN_SUSPICIOUS_MOVE = YES;
				CLANG_WARN_UNGUARDED_AVAILABILITY = YES_AGGRESSIVE;
				CLANG_WARN_UNREACHABLE_CODE = YES;
				CLANG_WARN__DUPLICATE_METHOD_MATCH = YES;
				COPY_PHASE_STRIP = NO;
				DEBUG_INFORMATION_FORMAT = dwarf;
				ENABLE_STRICT_OBJC_MSGSEND = YES;
				ENABLE_TESTABILITY = YES;
				ENABLE_USER_SCRIPT_SANDBOXING = YES;
				GCC_C_LANGUAGE_STANDARD = gnu17;
				GCC_DYNAMIC_NO_PIC = NO;
				GCC_NO_COMMON_BLOCKS = YES;
				GCC_OPTIMIZATION_LEVEL = 0;
				GCC_PREPROCESSOR_DEFINITIONS = (
					"DEBUG=1",
					"$(inherited)",
				);
				GCC_WARN_64_TO_32_BIT_CONVERSION = YES;
				GCC_WARN_ABOUT_RETURN_TYPE = YES_ERROR;
				GCC_WARN_UNDECLARED_SELECTOR = YES;
				GCC_WARN_UNINITIALIZED_AUTOS = YES_AGGRESSIVE;
				GCC_WARN_UNUSED_FUNCTION = YES;
				GCC_WARN_UNUSED_VARIABLE = YES;
				IPHONEOS_DEPLOYMENT_TARGET = 17.4;
				LOCALIZATION_PREFERS_STRING_CATALOGS = YES;
				MTL_ENABLE_DEBUG_INFO = INCLUDE_SOURCE;
				MTL_FAST_MATH = YES;
				ONLY_ACTIVE_ARCH = YES;
				SDKROOT = iphoneos;
				SWIFT_ACTIVE_COMPILATION_CONDITIONS = "DEBUG $(inherited)";
				SWIFT_OPTIMIZATION_LEVEL = "-Onone";
			};
			name = Debug;
		};
		171EDD802BBBBFE0008A2F23 /* Release */ = {
			isa = XCBuildConfiguration;
			buildSettings = {
				ALWAYS_SEARCH_USER_PATHS = NO;
				ASSETCATALOG_COMPILER_GENERATE_SWIFT_ASSET_SYMBOL_EXTENSIONS = YES;
				CLANG_ANALYZER_NONNULL = YES;
				CLANG_ANALYZER_NUMBER_OBJECT_CONVERSION = YES_AGGRESSIVE;
				CLANG_CXX_LANGUAGE_STANDARD = "gnu++20";
				CLANG_ENABLE_MODULES = YES;
				CLANG_ENABLE_OBJC_ARC = YES;
				CLANG_ENABLE_OBJC_WEAK = YES;
				CLANG_WARN_BLOCK_CAPTURE_AUTORELEASING = YES;
				CLANG_WARN_BOOL_CONVERSION = YES;
				CLANG_WARN_COMMA = YES;
				CLANG_WARN_CONSTANT_CONVERSION = YES;
				CLANG_WARN_DEPRECATED_OBJC_IMPLEMENTATIONS = YES;
				CLANG_WARN_DIRECT_OBJC_ISA_USAGE = YES_ERROR;
				CLANG_WARN_DOCUMENTATION_COMMENTS = YES;
				CLANG_WARN_EMPTY_BODY = YES;
				CLANG_WARN_ENUM_CONVERSION = YES;
				CLANG_WARN_INFINITE_RECURSION = YES;
				CLANG_WARN_INT_CONVERSION = YES;
				CLANG_WARN_NON_LITERAL_NULL_CONVERSION = YES;
				CLANG_WARN_OBJC_IMPLICIT_RETAIN_SELF = YES;
				CLANG_WARN_OBJC_LITERAL_CONVERSION = YES;
				CLANG_WARN_OBJC_ROOT_CLASS = YES_ERROR;
				CLANG_WARN_QUOTED_INCLUDE_IN_FRAMEWORK_HEADER = YES;
				CLANG_WARN_RANGE_LOOP_ANALYSIS = YES;
				CLANG_WARN_STRICT_PROTOTYPES = YES;
				CLANG_WARN_SUSPICIOUS_MOVE = YES;
				CLANG_WARN_UNGUARDED_AVAILABILITY = YES_AGGRESSIVE;
				CLANG_WARN_UNREACHABLE_CODE = YES;
				CLANG_WARN__DUPLICATE_METHOD_MATCH = YES;
				COPY_PHASE_STRIP = NO;
				DEBUG_INFORMATION_FORMAT = "dwarf-with-dsym";
				ENABLE_NS_ASSERTIONS = NO;
				ENABLE_STRICT_OBJC_MSGSEND = YES;
				ENABLE_USER_SCRIPT_SANDBOXING = YES;
				GCC_C_LANGUAGE_STANDARD = gnu17;
				GCC_NO_COMMON_BLOCKS = YES;
				GCC_WARN_64_TO_32_BIT_CONVERSION = YES;
				GCC_WARN_ABOUT_RETURN_TYPE = YES_ERROR;
				GCC_WARN_UNDECLARED_SELECTOR = YES;
				GCC_WARN_UNINITIALIZED_AUTOS = YES_AGGRESSIVE;
				GCC_WARN_UNUSED_FUNCTION = YES;
				GCC_WARN_UNUSED_VARIABLE = YES;
				IPHONEOS_DEPLOYMENT_TARGET = 17.4;
				LOCALIZATION_PREFERS_STRING_CATALOGS = YES;
				MTL_ENABLE_DEBUG_INFO = NO;
				MTL_FAST_MATH = YES;
				SDKROOT = iphoneos;
				SWIFT_COMPILATION_MODE = wholemodule;
				VALIDATE_PRODUCT = YES;
			};
			name = Release;
		};
		171EDD822BBBBFE0008A2F23 /* Debug */ = {
			isa = XCBuildConfiguration;
			buildSettings = {
				ASSETCATALOG_COMPILER_APPICON_NAME = AppIcon;
				ASSETCATALOG_COMPILER_GLOBAL_ACCENT_COLOR_NAME = AccentColor;
				CODE_SIGN_STYLE = Automatic;
				CURRENT_PROJECT_VERSION = 1;
				DEVELOPMENT_ASSET_PATHS = "\"BubblePopGame/Preview Content\"";
				DEVELOPMENT_TEAM = 695GE67M4V;
				ENABLE_PREVIEWS = YES;
				GENERATE_INFOPLIST_FILE = YES;
				INFOPLIST_KEY_UIApplicationSceneManifest_Generation = YES;
				INFOPLIST_KEY_UIApplicationSupportsIndirectInputEvents = YES;
				INFOPLIST_KEY_UILaunchScreen_Generation = YES;
				INFOPLIST_KEY_UISupportedInterfaceOrientations_iPad = "UIInterfaceOrientationPortrait UIInterfaceOrientationPortraitUpsideDown UIInterfaceOrientationLandscapeLeft UIInterfaceOrientationLandscapeRight";
				INFOPLIST_KEY_UISupportedInterfaceOrientations_iPhone = "UIInterfaceOrientationPortrait UIInterfaceOrientationLandscapeLeft UIInterfaceOrientationLandscapeRight";
				LD_RUNPATH_SEARCH_PATHS = (
					"$(inherited)",
					"@executable_path/Frameworks",
				);
				MARKETING_VERSION = 1.0;
				PRODUCT_BUNDLE_IDENTIFIER = com.sidakaulakh.BubblePopGame;
				PRODUCT_NAME = "$(TARGET_NAME)";
				SWIFT_EMIT_LOC_STRINGS = YES;
				SWIFT_VERSION = 5.0;
				TARGETED_DEVICE_FAMILY = "1,2";
			};
			name = Debug;
		};
		171EDD832BBBBFE0008A2F23 /* Release */ = {
			isa = XCBuildConfiguration;
			buildSettings = {
				ASSETCATALOG_COMPILER_APPICON_NAME = AppIcon;
				ASSETCATALOG_COMPILER_GLOBAL_ACCENT_COLOR_NAME = AccentColor;
				CODE_SIGN_STYLE = Automatic;
				CURRENT_PROJECT_VERSION = 1;
				DEVELOPMENT_ASSET_PATHS = "\"BubblePopGame/Preview Content\"";
				DEVELOPMENT_TEAM = 695GE67M4V;
				ENABLE_PREVIEWS = YES;
				GENERATE_INFOPLIST_FILE = YES;
				INFOPLIST_KEY_UIApplicationSceneManifest_Generation = YES;
				INFOPLIST_KEY_UIApplicationSupportsIndirectInputEvents = YES;
				INFOPLIST_KEY_UILaunchScreen_Generation = YES;
				INFOPLIST_KEY_UISupportedInterfaceOrientations_iPad = "UIInterfaceOrientationPortrait UIInterfaceOrientationPortraitUpsideDown UIInterfaceOrientationLandscapeLeft UIInterfaceOrientationLandscapeRight";
				INFOPLIST_KEY_UISupportedInterfaceOrientations_iPhone = "UIInterfaceOrientationPortrait UIInterfaceOrientationLandscapeLeft UIInterfaceOrientationLandscapeRight";
				LD_RUNPATH_SEARCH_PATHS = (
					"$(inherited)",
					"@executable_path/Frameworks",
				);
				MARKETING_VERSION = 1.0;
				PRODUCT_BUNDLE_IDENTIFIER = com.sidakaulakh.BubblePopGame;
				PRODUCT_NAME = "$(TARGET_NAME)";
				SWIFT_EMIT_LOC_STRINGS = YES;
				SWIFT_VERSION = 5.0;
				TARGETED_DEVICE_FAMILY = "1,2";
			};
			name = Release;
		};
/* End XCBuildConfiguration section */

/* Begin XCConfigurationList section */
		171EDD6E2BBBBFDD008A2F23 /* Build configuration list for PBXProject "BubblePopGame" */ = {
			isa = XCConfigurationList;
			buildConfigurations = (
				171EDD7F2BBBBFE0008A2F23 /* Debug */,
				171EDD802BBBBFE0008A2F23 /* Release */,
			);
			defaultConfigurationIsVisible = 0;
			defaultConfigurationName = Release;
		};
		171EDD812BBBBFE0008A2F23 /* Build configuration list for PBXNativeTarget "BubblePopGame" */ = {
			isa = XCConfigurationList;
			buildConfigurations = (
				171EDD822BBBBFE0008A2F23 /* Debug */,
				171EDD832BBBBFE0008A2F23 /* Release */,
			);
			defaultConfigurationIsVisible = 0;
			defaultConfigurationName = Release;
		};
/* End XCConfigurationList section */
	};
	rootObject = 171EDD6B2BBBBFDD008A2F23 /* Project object */;
}
